<?xml version="1.0" encoding="utf-8"?>
<Project ToolsVersion="4.0" xmlns="http://schemas.microsoft.com/developer/msbuild/2003">
  <ItemGroup>
    <Filter Include="Application">
      <UniqueIdentifier>{62a09995-4dc8-47f0-90b2-6ae1b723ff2d}</UniqueIdentifier>
    </Filter>
    <Filter Include="Engine">
      <UniqueIdentifier>{9f194e01-1f17-44e2-855f-8a047eed8157}</UniqueIdentifier>
    </Filter>
    <Filter Include="Engine\Graphics">
      <UniqueIdentifier>{88c478e8-63f4-4628-adde-8a077a62a911}</UniqueIdentifier>
    </Filter>
    <Filter Include="Engine\Math">
      <UniqueIdentifier>{e86f9782-647f-4891-b4a7-c748f3762408}</UniqueIdentifier>
    </Filter>
    <Filter Include="Application\App">
      <UniqueIdentifier>{a8c860b4-1923-4ba6-852b-908af48af6ec}</UniqueIdentifier>
    </Filter>
    <Filter Include="Engine\Math\Vector3">
      <UniqueIdentifier>{95d9cbec-0625-41c6-a388-bf379a107a1c}</UniqueIdentifier>
    </Filter>
    <Filter Include="Engine\Math\Vector2">
      <UniqueIdentifier>{b331ccbd-b56e-4a0a-915f-45f960590dca}</UniqueIdentifier>
    </Filter>
    <Filter Include="Engine\Math\Color4">
      <UniqueIdentifier>{9e5f6935-4df6-4534-83b0-2a53fc31f958}</UniqueIdentifier>
    </Filter>
    <Filter Include="Engine\Graphics\Render">
      <UniqueIdentifier>{7823870e-5aaa-4897-8301-fe7d0d261d4a}</UniqueIdentifier>
    </Filter>
    <Filter Include="Engine\Graphics\Window">
      <UniqueIdentifier>{f22f0786-511f-4e26-ab28-367246553904}</UniqueIdentifier>
    </Filter>
    <Filter Include="Engine\Logger">
      <UniqueIdentifier>{bc4eca09-02a4-4df0-b790-88e757ec4de1}</UniqueIdentifier>
    </Filter>
    <Filter Include="Engine\Graphics\Shaders">
      <UniqueIdentifier>{bea25f64-92ca-41a4-91aa-c751ebf51dda}</UniqueIdentifier>
    </Filter>
    <Filter Include="Engine\Graphics\Instance">
      <UniqueIdentifier>{1fad1374-93a3-48f5-bb66-01f0bc5d73e0}</UniqueIdentifier>
    </Filter>
    <Filter Include="Engine\Graphics\Instance\Model">
      <UniqueIdentifier>{9ad05089-6427-47a2-b7cf-b275d3480846}</UniqueIdentifier>
    </Filter>
    <Filter Include="Engine\Graphics\Instance\Camera">
      <UniqueIdentifier>{8d6c89a6-6e1a-465f-9ad4-378029ca983d}</UniqueIdentifier>
    </Filter>
    <Filter Include="Engine\Events">
      <UniqueIdentifier>{e2e616c1-5c3e-4e11-aa79-5b6ea88acffc}</UniqueIdentifier>
    </Filter>
    <Filter Include="Engine\Events\Event">
      <UniqueIdentifier>{890de256-31ab-4510-b84c-785fa23f5099}</UniqueIdentifier>
    </Filter>
    <Filter Include="Engine\Events\CoreEvents">
      <UniqueIdentifier>{e81fb4ea-3721-4fbd-84d2-6d9021a719cf}</UniqueIdentifier>
    </Filter>
  </ItemGroup>
  <ItemGroup>
    <ClCompile Include="App.cpp">
      <Filter>Application\App</Filter>
    </ClCompile>
    <ClCompile Include="pch.cpp">
      <Filter>Engine</Filter>
    </ClCompile>
    <ClCompile Include="Engine\CoreEvents.cpp">
      <Filter>Engine\Events\CoreEvents</Filter>
    </ClCompile>
    <ClCompile Include="Engine\Math\Vector2.cpp">
      <Filter>Engine\Math\Vector2</Filter>
    </ClCompile>
    <ClCompile Include="Engine\Math\Vector3.cpp">
      <Filter>Engine\Math\Vector3</Filter>
    </ClCompile>
    <ClCompile Include="Engine\Math\Color4.cpp">
      <Filter>Engine\Math\Color4</Filter>
    </ClCompile>
    <ClCompile Include="Main.cpp">
      <Filter>Application</Filter>
    </ClCompile>
    <ClCompile Include="Engine\Graphics\Render.cpp">
      <Filter>Engine\Graphics\Render</Filter>
    </ClCompile>
    <ClCompile Include="Engine\Graphics\GraphicsEngine.cpp">
      <Filter>Engine\Graphics</Filter>
    </ClCompile>
    <ClCompile Include="Engine\Graphics\Window.cpp">
      <Filter>Engine\Graphics\Window</Filter>
    </ClCompile>
    <ClCompile Include="Engine\Logger.cpp">
      <Filter>Engine\Logger</Filter>
    </ClCompile>
    <ClCompile Include="ColorShader.cpp">
      <Filter>Engine\Graphics\Shaders</Filter>
    </ClCompile>
    <ClCompile Include="Model.cpp">
      <Filter>Engine\Graphics\Instance\Model</Filter>
    </ClCompile>
    <ClCompile Include="Camera.cpp">
      <Filter>Engine\Graphics\Instance\Camera</Filter>
    </ClCompile>
  </ItemGroup>
  <ItemGroup>
    <ClInclude Include="App.h">
      <Filter>Application\App</Filter>
    </ClInclude>
    <ClInclude Include="pch.h">
      <Filter>Engine</Filter>
    </ClInclude>
    <ClInclude Include="Engine\CoreEvents.h">
      <Filter>Engine\Events\CoreEvents</Filter>
    </ClInclude>
    <ClInclude Include="Engine\Event.h">
      <Filter>Engine\Events\Event</Filter>
    </ClInclude>
    <ClInclude Include="Engine\IEvent.h">
      <Filter>Engine\Events\Event</Filter>
    </ClInclude>
    <ClInclude Include="Engine\Math\Vector3.h">
      <Filter>Engine\Math\Vector3</Filter>
    </ClInclude>
    <ClInclude Include="Engine\Math\Vector2.h">
      <Filter>Engine\Math\Vector2</Filter>
    </ClInclude>
    <ClInclude Include="Engine\Math\Color4.h">
      <Filter>Engine\Math\Color4</Filter>
    </ClInclude>
    <ClInclude Include="Engine\Math\EngineMath.h">
      <Filter>Engine\Math</Filter>
    </ClInclude>
    <ClInclude Include="Engine\Graphics\Render.h">
      <Filter>Engine\Graphics\Render</Filter>
    </ClInclude>
    <ClInclude Include="Engine\Graphics\GraphicsEngine.h">
      <Filter>Engine\Graphics</Filter>
    </ClInclude>
    <ClInclude Include="Engine\Graphics\Window.h">
      <Filter>Engine\Graphics\Window</Filter>
    </ClInclude>
    <ClInclude Include="Engine\Logger.h">
      <Filter>Engine\Logger</Filter>
    </ClInclude>
    <ClInclude Include="ColorShader.h">
      <Filter>Engine\Graphics\Shaders</Filter>
    </ClInclude>
    <ClInclude Include="Model.h">
      <Filter>Engine\Graphics\Instance\Model</Filter>
    </ClInclude>
    <ClInclude Include="Camera.h">
      <Filter>Engine\Graphics\Instance\Camera</Filter>
    </ClInclude>
  </ItemGroup>
  <ItemGroup>
    <None Include="Color.vs">
      <Filter>Engine\Graphics\Shaders</Filter>
    </None>
    <None Include="Color.ps">
      <Filter>Engine\Graphics\Shaders</Filter>
    </None>
  </ItemGroup>
</Project>